
Microsoft Visual Studio Solution File, Format Version 10.00
# Visual Studio 2008
Project("{FAE04EC0-301F-11D3-BF4B-00C04F79EFBC}") = "HsinChu.ClassExamScoreReportV2", "HsinChu.ClassExamScoreReportV2\HsinChu.ClassExamScoreReportV2.csproj", "{E1F20774-C6A2-4943-9802-9FDD58639408}"
EndProject
Global
	GlobalSection(TeamFoundationVersionControl) = preSolution
		SccNumberOfProjects = 2
		SccEnterpriseProvider = {4CA58AB2-18FA-4F8D-95D4-32DDF27D184C}
		SccTeamFoundationServer = http://tfserver:8080/
		SccLocalPath0 = .
		SccProjectUniqueName1 = HsinChu.ClassExamScoreReportV2\\HsinChu.ClassExamScoreReportV2.csproj
		SccProjectName1 = HsinChu.ClassExamScoreReportV2
		SccLocalPath1 = HsinChu.ClassExamScoreReportV2
	EndGlobalSection
	GlobalSection(SolutionConfigurationPlatforms) = preSolution
		Debug|Any CPU = Debug|Any CPU
		Release|Any CPU = Release|Any CPU
	EndGlobalSection
	GlobalSection(ProjectConfigurationPlatforms) = postSolution
		{E1F20774-C6A2-4943-9802-9FDD58639408}.Debug|Any CPU.ActiveCfg = Debug|Any CPU
		{E1F20774-C6A2-4943-9802-9FDD58639408}.Debug|Any CPU.Build.0 = Debug|Any CPU
		{E1F20774-C6A2-4943-9802-9FDD58639408}.Release|Any CPU.ActiveCfg = Release|Any CPU
		{E1F20774-C6A2-4943-9802-9FDD58639408}.Release|Any CPU.Build.0 = Release|Any CPU
	EndGlobalSection
	GlobalSection(SolutionProperties) = preSolution
		HideSolutionNode = FALSE
	EndGlobalSection
EndGlobal
