
Microsoft Visual Studio Solution File, Format Version 10.00
# Visual Studio 2008
Project("{FAE04EC0-301F-11D3-BF4B-00C04F79EFBC}") = "HsinChu.TransferReport", "HsinChu.TransferReport\HsinChu.TransferReport.csproj", "{7F224AEE-A86F-4044-A14F-0F87CEA466F4}"
EndProject
Global
	GlobalSection(TeamFoundationVersionControl) = preSolution
		SccNumberOfProjects = 2
		SccEnterpriseProvider = {4CA58AB2-18FA-4F8D-95D4-32DDF27D184C}
		SccTeamFoundationServer = http://tfserver:8080/
		SccLocalPath0 = .
		SccProjectUniqueName1 = HsinChu.TransferReport\\HsinChu.TransferReport.csproj
		SccProjectName1 = HsinChu.TransferReport
		SccLocalPath1 = HsinChu.TransferReport
	EndGlobalSection
	GlobalSection(SolutionConfigurationPlatforms) = preSolution
		Debug|Any CPU = Debug|Any CPU
		Release|Any CPU = Release|Any CPU
	EndGlobalSection
	GlobalSection(ProjectConfigurationPlatforms) = postSolution
		{7F224AEE-A86F-4044-A14F-0F87CEA466F4}.Debug|Any CPU.ActiveCfg = Debug|Any CPU
		{7F224AEE-A86F-4044-A14F-0F87CEA466F4}.Debug|Any CPU.Build.0 = Debug|Any CPU
		{7F224AEE-A86F-4044-A14F-0F87CEA466F4}.Release|Any CPU.ActiveCfg = Release|Any CPU
		{7F224AEE-A86F-4044-A14F-0F87CEA466F4}.Release|Any CPU.Build.0 = Release|Any CPU
	EndGlobalSection
	GlobalSection(SolutionProperties) = preSolution
		HideSolutionNode = FALSE
	EndGlobalSection
EndGlobal
