
Microsoft Visual Studio Solution File, Format Version 11.00
# Visual Studio 2010
Project("{FAE04EC0-301F-11D3-BF4B-00C04F79EFBC}") = "KaoHsiung.MidTermTransferReport", "KaoHsiung.MidTermTransferReport\KaoHsiung.MidTermTransferReport.csproj", "{D201B51A-BBD5-4AA0-A6EE-712B95914307}"
EndProject
Global
	GlobalSection(TeamFoundationVersionControl) = preSolution
		SccNumberOfProjects = 2
		SccEnterpriseProvider = {4CA58AB2-18FA-4F8D-95D4-32DDF27D184C}
		SccTeamFoundationServer = http://tfserver.ischool.com.tw:8080/tfs/tfs2008
		SccLocalPath0 = .
		SccProjectUniqueName1 = KaoHsiung.MidTermTransferReport\\KaoHsiung.MidTermTransferReport.csproj
		SccProjectName1 = KaoHsiung.MidTermTransferReport
		SccLocalPath1 = KaoHsiung.MidTermTransferReport
	EndGlobalSection
	GlobalSection(SolutionConfigurationPlatforms) = preSolution
		Debug|Any CPU = Debug|Any CPU
		Release|Any CPU = Release|Any CPU
	EndGlobalSection
	GlobalSection(ProjectConfigurationPlatforms) = postSolution
		{D201B51A-BBD5-4AA0-A6EE-712B95914307}.Debug|Any CPU.ActiveCfg = Debug|Any CPU
		{D201B51A-BBD5-4AA0-A6EE-712B95914307}.Debug|Any CPU.Build.0 = Debug|Any CPU
		{D201B51A-BBD5-4AA0-A6EE-712B95914307}.Release|Any CPU.ActiveCfg = Release|Any CPU
		{D201B51A-BBD5-4AA0-A6EE-712B95914307}.Release|Any CPU.Build.0 = Release|Any CPU
	EndGlobalSection
	GlobalSection(SolutionProperties) = preSolution
		HideSolutionNode = FALSE
	EndGlobalSection
EndGlobal
