
Microsoft Visual Studio Solution File, Format Version 12.00
# Visual Studio 2013
VisualStudioVersion = 12.0.21005.1
MinimumVisualStudioVersion = 10.0.40219.1
Project("{FAE04EC0-301F-11D3-BF4B-00C04F79EFBC}") = "JHEvaluation.SemesterScoreContentItem", "JHEvaluation.SemesterScoreContentItem\JHEvaluation.SemesterScoreContentItem.csproj", "{A839362F-CAE9-4B83-B802-FD14596864E8}"
EndProject
Project("{FAE04EC0-301F-11D3-BF4B-00C04F79EFBC}") = "JHEvaluation.SemesterScoreContentItem.Test", "JHEvaluation.SemesterScoreContentItem.Test\JHEvaluation.SemesterScoreContentItem.Test.csproj", "{2A43C57A-D3AA-45BE-B322-767D5121B95C}"
EndProject
Global
	GlobalSection(SolutionConfigurationPlatforms) = preSolution
		Debug|Any CPU = Debug|Any CPU
		Release|Any CPU = Release|Any CPU
	EndGlobalSection
	GlobalSection(ProjectConfigurationPlatforms) = postSolution
		{A839362F-CAE9-4B83-B802-FD14596864E8}.Debug|Any CPU.ActiveCfg = Debug|Any CPU
		{A839362F-CAE9-4B83-B802-FD14596864E8}.Debug|Any CPU.Build.0 = Debug|Any CPU
		{A839362F-CAE9-4B83-B802-FD14596864E8}.Release|Any CPU.ActiveCfg = Release|Any CPU
		{A839362F-CAE9-4B83-B802-FD14596864E8}.Release|Any CPU.Build.0 = Release|Any CPU
		{2A43C57A-D3AA-45BE-B322-767D5121B95C}.Debug|Any CPU.ActiveCfg = Debug|Any CPU
		{2A43C57A-D3AA-45BE-B322-767D5121B95C}.Debug|Any CPU.Build.0 = Debug|Any CPU
		{2A43C57A-D3AA-45BE-B322-767D5121B95C}.Release|Any CPU.ActiveCfg = Release|Any CPU
		{2A43C57A-D3AA-45BE-B322-767D5121B95C}.Release|Any CPU.Build.0 = Release|Any CPU
	EndGlobalSection
	GlobalSection(SolutionProperties) = preSolution
		HideSolutionNode = FALSE
	EndGlobalSection
EndGlobal
