
Microsoft Visual Studio Solution File, Format Version 12.00
# Visual Studio 2012
Project("{FAE04EC0-301F-11D3-BF4B-00C04F79EFBC}") = "HsinChu.JHEvaluation.Data", "HsinChu.JHEvaluation.Data\HsinChu.JHEvaluation.Data.csproj", "{870DA1EE-A2CB-4228-9388-17F9D8B11894}"
EndProject
Global
	GlobalSection(SolutionConfigurationPlatforms) = preSolution
		Debug|Any CPU = Debug|Any CPU
		Release|Any CPU = Release|Any CPU
	EndGlobalSection
	GlobalSection(ProjectConfigurationPlatforms) = postSolution
		{870DA1EE-A2CB-4228-9388-17F9D8B11894}.Debug|Any CPU.ActiveCfg = Debug|Any CPU
		{870DA1EE-A2CB-4228-9388-17F9D8B11894}.Debug|Any CPU.Build.0 = Debug|Any CPU
		{870DA1EE-A2CB-4228-9388-17F9D8B11894}.Release|Any CPU.ActiveCfg = Release|Any CPU
		{870DA1EE-A2CB-4228-9388-17F9D8B11894}.Release|Any CPU.Build.0 = Release|Any CPU
	EndGlobalSection
	GlobalSection(SolutionProperties) = preSolution
		HideSolutionNode = FALSE
	EndGlobalSection
EndGlobal
