
Microsoft Visual Studio Solution File, Format Version 11.00
# Visual Studio 2010
Project("{FAE04EC0-301F-11D3-BF4B-00C04F79EFBC}") = "KaoHsiung.StudentExamScoreReport", "KaoHsiung.StudentExamScoreReport\KaoHsiung.StudentExamScoreReport.csproj", "{B5245519-7B92-4F14-9CC3-240F3D67E27D}"
EndProject
Global
	GlobalSection(TeamFoundationVersionControl) = preSolution
		SccNumberOfProjects = 2
		SccEnterpriseProvider = {4CA58AB2-18FA-4F8D-95D4-32DDF27D184C}
		SccTeamFoundationServer = http://tfserver.ischool.com.tw:8080/tfs/tfs2008
		SccLocalPath0 = .
		SccProjectUniqueName1 = KaoHsiung.StudentExamScoreReport\\KaoHsiung.StudentExamScoreReport.csproj
		SccProjectName1 = KaoHsiung.StudentExamScoreReport
		SccLocalPath1 = KaoHsiung.StudentExamScoreReport
	EndGlobalSection
	GlobalSection(SolutionConfigurationPlatforms) = preSolution
		Debug|Any CPU = Debug|Any CPU
		Release|Any CPU = Release|Any CPU
	EndGlobalSection
	GlobalSection(ProjectConfigurationPlatforms) = postSolution
		{B5245519-7B92-4F14-9CC3-240F3D67E27D}.Debug|Any CPU.ActiveCfg = Debug|Any CPU
		{B5245519-7B92-4F14-9CC3-240F3D67E27D}.Debug|Any CPU.Build.0 = Debug|Any CPU
		{B5245519-7B92-4F14-9CC3-240F3D67E27D}.Release|Any CPU.ActiveCfg = Release|Any CPU
		{B5245519-7B92-4F14-9CC3-240F3D67E27D}.Release|Any CPU.Build.0 = Release|Any CPU
	EndGlobalSection
	GlobalSection(SolutionProperties) = preSolution
		HideSolutionNode = FALSE
	EndGlobalSection
EndGlobal
