
Microsoft Visual Studio Solution File, Format Version 11.00
# Visual Studio 2010
Project("{FAE04EC0-301F-11D3-BF4B-00C04F79EFBC}") = "KaoHsiung.ExportCourseScore", "KaoHsiung.ExportCourseScore\KaoHsiung.ExportCourseScore.csproj", "{B4F8632F-FBAD-41A9-B8CA-3528345383A0}"
EndProject
Global
	GlobalSection(TeamFoundationVersionControl) = preSolution
		SccNumberOfProjects = 2
		SccEnterpriseProvider = {4CA58AB2-18FA-4F8D-95D4-32DDF27D184C}
		SccTeamFoundationServer = http://tfserver.ischool.com.tw:8080/tfs/tfs2008
		SccLocalPath0 = .
		SccProjectUniqueName1 = KaoHsiung.ExportCourseScore\\KaoHsiung.ExportCourseScore.csproj
		SccProjectName1 = KaoHsiung.ExportCourseScore
		SccLocalPath1 = KaoHsiung.ExportCourseScore
	EndGlobalSection
	GlobalSection(SolutionConfigurationPlatforms) = preSolution
		Debug|Any CPU = Debug|Any CPU
		Release|Any CPU = Release|Any CPU
	EndGlobalSection
	GlobalSection(ProjectConfigurationPlatforms) = postSolution
		{B4F8632F-FBAD-41A9-B8CA-3528345383A0}.Debug|Any CPU.ActiveCfg = Debug|Any CPU
		{B4F8632F-FBAD-41A9-B8CA-3528345383A0}.Debug|Any CPU.Build.0 = Debug|Any CPU
		{B4F8632F-FBAD-41A9-B8CA-3528345383A0}.Release|Any CPU.ActiveCfg = Release|Any CPU
		{B4F8632F-FBAD-41A9-B8CA-3528345383A0}.Release|Any CPU.Build.0 = Release|Any CPU
	EndGlobalSection
	GlobalSection(SolutionProperties) = preSolution
		HideSolutionNode = FALSE
	EndGlobalSection
EndGlobal
