
Microsoft Visual Studio Solution File, Format Version 11.00
# Visual Studio 2010
Project("{FAE04EC0-301F-11D3-BF4B-00C04F79EFBC}") = "KaoHsiung.ExportCourseScoreDiff", "KaoHsiung.ExportCourseScoreDiff\KaoHsiung.ExportCourseScoreDiff.csproj", "{0D4EE8F0-154C-49C6-8CE2-A3B63D918894}"
EndProject
Global
	GlobalSection(TeamFoundationVersionControl) = preSolution
		SccNumberOfProjects = 2
		SccEnterpriseProvider = {4CA58AB2-18FA-4F8D-95D4-32DDF27D184C}
		SccTeamFoundationServer = http://10.1.1.204:8080/tfs/tfs2008
		SccLocalPath0 = .
		SccProjectUniqueName1 = KaoHsiung.ExportCourseScoreDiff\\KaoHsiung.ExportCourseScoreDiff.csproj
		SccProjectName1 = KaoHsiung.ExportCourseScoreDiff
		SccLocalPath1 = KaoHsiung.ExportCourseScoreDiff
	EndGlobalSection
	GlobalSection(SolutionConfigurationPlatforms) = preSolution
		Debug|Any CPU = Debug|Any CPU
		Release|Any CPU = Release|Any CPU
	EndGlobalSection
	GlobalSection(ProjectConfigurationPlatforms) = postSolution
		{0D4EE8F0-154C-49C6-8CE2-A3B63D918894}.Debug|Any CPU.ActiveCfg = Debug|Any CPU
		{0D4EE8F0-154C-49C6-8CE2-A3B63D918894}.Debug|Any CPU.Build.0 = Debug|Any CPU
		{0D4EE8F0-154C-49C6-8CE2-A3B63D918894}.Release|Any CPU.ActiveCfg = Release|Any CPU
		{0D4EE8F0-154C-49C6-8CE2-A3B63D918894}.Release|Any CPU.Build.0 = Release|Any CPU
	EndGlobalSection
	GlobalSection(SolutionProperties) = preSolution
		HideSolutionNode = FALSE
	EndGlobalSection
EndGlobal
