
Microsoft Visual Studio Solution File, Format Version 10.00
# Visual Studio 2008
Project("{FAE04EC0-301F-11D3-BF4B-00C04F79EFBC}") = "HsinChu.ClassExamScoreAvgComparison", "HsinChu.ClassExamScoreAvgComparison\HsinChu.ClassExamScoreAvgComparison.csproj", "{A395CA1C-BC6C-45D5-9F8D-CDD63F6FE0B9}"
EndProject
Global
	GlobalSection(TeamFoundationVersionControl) = preSolution
		SccNumberOfProjects = 2
		SccEnterpriseProvider = {4CA58AB2-18FA-4F8D-95D4-32DDF27D184C}
		SccTeamFoundationServer = http://tfserver:8080/
		SccLocalPath0 = .
		SccProjectUniqueName1 = HsinChu.ClassExamScoreAvgComparison\\HsinChu.ClassExamScoreAvgComparison.csproj
		SccProjectName1 = HsinChu.ClassExamScoreAvgComparison
		SccLocalPath1 = HsinChu.ClassExamScoreAvgComparison
	EndGlobalSection
	GlobalSection(SolutionConfigurationPlatforms) = preSolution
		Debug|Any CPU = Debug|Any CPU
		Release|Any CPU = Release|Any CPU
	EndGlobalSection
	GlobalSection(ProjectConfigurationPlatforms) = postSolution
		{A395CA1C-BC6C-45D5-9F8D-CDD63F6FE0B9}.Debug|Any CPU.ActiveCfg = Debug|Any CPU
		{A395CA1C-BC6C-45D5-9F8D-CDD63F6FE0B9}.Debug|Any CPU.Build.0 = Debug|Any CPU
		{A395CA1C-BC6C-45D5-9F8D-CDD63F6FE0B9}.Release|Any CPU.ActiveCfg = Release|Any CPU
		{A395CA1C-BC6C-45D5-9F8D-CDD63F6FE0B9}.Release|Any CPU.Build.0 = Release|Any CPU
	EndGlobalSection
	GlobalSection(SolutionProperties) = preSolution
		HideSolutionNode = FALSE
	EndGlobalSection
EndGlobal
