
Microsoft Visual Studio Solution File, Format Version 10.00
# Visual Studio 2008
Project("{FAE04EC0-301F-11D3-BF4B-00C04F79EFBC}") = "JHEvaluation.ScoreCalculation", "JHEvaluation.ScoreCalculation\JHEvaluation.ScoreCalculation.csproj", "{D4340A77-DF5D-4017-B639-E9A48E169E76}"
EndProject
Project("{FAE04EC0-301F-11D3-BF4B-00C04F79EFBC}") = "ClassSemesterScoreReport", "..\JHEvaluation.ClassSemesterScoreReport\ClassSemesterScoreReport\ClassSemesterScoreReport.csproj", "{761B392F-E592-43C4-991F-5C4CD70FBDF4}"
EndProject
Project("{FAE04EC0-301F-11D3-BF4B-00C04F79EFBC}") = "JHEvaluation.StudentScoreSummaryReport", "JHEvaluation.StudentScoreSummaryReport\JHEvaluation.StudentScoreSummaryReport.csproj", "{D5BB1779-3778-440B-83C7-ABD366526DE8}"
EndProject
Project("{FAE04EC0-301F-11D3-BF4B-00C04F79EFBC}") = "Campus.Report", "..\..\..\..\Research\A-Team\CampusLibrary\Campus.Report\Campus.Report.csproj", "{6475E15E-4BE7-47E9-A7B4-0014E6670F95}"
EndProject
Project("{FAE04EC0-301F-11D3-BF4B-00C04F79EFBC}") = "Campus", "..\..\..\..\Research\A-Team\CampusLibrary\Campus\Campus.csproj", "{01192844-00CA-4126-85EC-D72A72821F70}"
EndProject
Global
	GlobalSection(TeamFoundationVersionControl) = preSolution
		SccNumberOfProjects = 6
		SccEnterpriseProvider = {4CA58AB2-18FA-4F8D-95D4-32DDF27D184C}
		SccTeamFoundationServer = http://tfserver:8080/
		SccLocalPath0 = .
		SccProjectUniqueName1 = JHEvaluation.ScoreCalculation\\JHEvaluation.ScoreCalculation.csproj
		SccProjectName1 = JHEvaluation.ScoreCalculation
		SccLocalPath1 = JHEvaluation.ScoreCalculation
		SccProjectUniqueName2 = ..\\JHEvaluation.ClassSemesterScoreReport\\ClassSemesterScoreReport\\ClassSemesterScoreReport.csproj
		SccProjectName2 = ../JHEvaluation.ClassSemesterScoreReport/ClassSemesterScoreReport
		SccLocalPath2 = ..\\JHEvaluation.ClassSemesterScoreReport\\ClassSemesterScoreReport
		SccProjectUniqueName3 = JHEvaluation.StudentScoreSummaryReport\\JHEvaluation.StudentScoreSummaryReport.csproj
		SccProjectName3 = JHEvaluation.StudentScoreSummaryReport
		SccLocalPath3 = JHEvaluation.StudentScoreSummaryReport
		SccProjectUniqueName4 = ..\\..\\..\\..\\Research\\A-Team\\CampusLibrary\\Campus.Report\\Campus.Report.csproj
		SccProjectName4 = ../../../../Research/A-Team/CampusLibrary/Campus.Report
		SccLocalPath4 = ..\\..\\..\\..\\Research\\A-Team\\CampusLibrary\\Campus.Report
		SccProjectUniqueName5 = ..\\..\\..\\..\\Research\\A-Team\\CampusLibrary\\Campus\\Campus.csproj
		SccProjectName5 = ../../../../Research/A-Team/CampusLibrary/Campus
		SccLocalPath5 = ..\\..\\..\\..\\Research\\A-Team\\CampusLibrary\\Campus
	EndGlobalSection
	GlobalSection(SolutionConfigurationPlatforms) = preSolution
		Debug|Any CPU = Debug|Any CPU
		LocalDebug|Any CPU = LocalDebug|Any CPU
		Release|Any CPU = Release|Any CPU
	EndGlobalSection
	GlobalSection(ProjectConfigurationPlatforms) = postSolution
		{D4340A77-DF5D-4017-B639-E9A48E169E76}.Debug|Any CPU.ActiveCfg = Debug|Any CPU
		{D4340A77-DF5D-4017-B639-E9A48E169E76}.Debug|Any CPU.Build.0 = Debug|Any CPU
		{D4340A77-DF5D-4017-B639-E9A48E169E76}.LocalDebug|Any CPU.ActiveCfg = LocalDebug|Any CPU
		{D4340A77-DF5D-4017-B639-E9A48E169E76}.LocalDebug|Any CPU.Build.0 = LocalDebug|Any CPU
		{D4340A77-DF5D-4017-B639-E9A48E169E76}.Release|Any CPU.ActiveCfg = Release|Any CPU
		{D4340A77-DF5D-4017-B639-E9A48E169E76}.Release|Any CPU.Build.0 = Release|Any CPU
		{761B392F-E592-43C4-991F-5C4CD70FBDF4}.Debug|Any CPU.ActiveCfg = Debug|Any CPU
		{761B392F-E592-43C4-991F-5C4CD70FBDF4}.Debug|Any CPU.Build.0 = Debug|Any CPU
		{761B392F-E592-43C4-991F-5C4CD70FBDF4}.LocalDebug|Any CPU.ActiveCfg = Debug|Any CPU
		{761B392F-E592-43C4-991F-5C4CD70FBDF4}.Release|Any CPU.ActiveCfg = Release|Any CPU
		{761B392F-E592-43C4-991F-5C4CD70FBDF4}.Release|Any CPU.Build.0 = Release|Any CPU
		{D5BB1779-3778-440B-83C7-ABD366526DE8}.Debug|Any CPU.ActiveCfg = Debug|Any CPU
		{D5BB1779-3778-440B-83C7-ABD366526DE8}.Debug|Any CPU.Build.0 = Debug|Any CPU
		{D5BB1779-3778-440B-83C7-ABD366526DE8}.LocalDebug|Any CPU.ActiveCfg = Debug|Any CPU
		{D5BB1779-3778-440B-83C7-ABD366526DE8}.LocalDebug|Any CPU.Build.0 = Debug|Any CPU
		{D5BB1779-3778-440B-83C7-ABD366526DE8}.Release|Any CPU.ActiveCfg = Release|Any CPU
		{D5BB1779-3778-440B-83C7-ABD366526DE8}.Release|Any CPU.Build.0 = Release|Any CPU
		{6475E15E-4BE7-47E9-A7B4-0014E6670F95}.Debug|Any CPU.ActiveCfg = Debug|Any CPU
		{6475E15E-4BE7-47E9-A7B4-0014E6670F95}.Debug|Any CPU.Build.0 = Debug|Any CPU
		{6475E15E-4BE7-47E9-A7B4-0014E6670F95}.LocalDebug|Any CPU.ActiveCfg = Debug|Any CPU
		{6475E15E-4BE7-47E9-A7B4-0014E6670F95}.LocalDebug|Any CPU.Build.0 = Debug|Any CPU
		{6475E15E-4BE7-47E9-A7B4-0014E6670F95}.Release|Any CPU.ActiveCfg = Release|Any CPU
		{6475E15E-4BE7-47E9-A7B4-0014E6670F95}.Release|Any CPU.Build.0 = Release|Any CPU
		{01192844-00CA-4126-85EC-D72A72821F70}.Debug|Any CPU.ActiveCfg = Debug|Any CPU
		{01192844-00CA-4126-85EC-D72A72821F70}.Debug|Any CPU.Build.0 = Debug|Any CPU
		{01192844-00CA-4126-85EC-D72A72821F70}.LocalDebug|Any CPU.ActiveCfg = Debug|Any CPU
		{01192844-00CA-4126-85EC-D72A72821F70}.LocalDebug|Any CPU.Build.0 = Debug|Any CPU
		{01192844-00CA-4126-85EC-D72A72821F70}.Release|Any CPU.ActiveCfg = Release|Any CPU
		{01192844-00CA-4126-85EC-D72A72821F70}.Release|Any CPU.Build.0 = Release|Any CPU
	EndGlobalSection
	GlobalSection(SolutionProperties) = preSolution
		HideSolutionNode = FALSE
	EndGlobalSection
EndGlobal
